
Microsoft Visual Studio Solution File, Format Version 12.00
# Visual Studio Version 16
VisualStudioVersion = 16.0.29503.13
MinimumVisualStudioVersion = 10.0.40219.1
Project("{9A19103F-16F7-4668-BE54-9A1E7A4F7556}") = "opdracht1", "opdracht1.csproj", "{DD82BCD7-B8F9-4864-902A-CC2B5A9289DD}"
EndProject
Global
	GlobalSection(SolutionConfigurationPlatforms) = preSolution
		Debug|Any CPU = Debug|Any CPU
		Release|Any CPU = Release|Any CPU
	EndGlobalSection
	GlobalSection(ProjectConfigurationPlatforms) = postSolution
		{DD82BCD7-B8F9-4864-902A-CC2B5A9289DD}.Debug|Any CPU.ActiveCfg = Debug|Any CPU
		{DD82BCD7-B8F9-4864-902A-CC2B5A9289DD}.Debug|Any CPU.Build.0 = Debug|Any CPU
		{DD82BCD7-B8F9-4864-902A-CC2B5A9289DD}.Release|Any CPU.ActiveCfg = Release|Any CPU
		{DD82BCD7-B8F9-4864-902A-CC2B5A9289DD}.Release|Any CPU.Build.0 = Release|Any CPU
	EndGlobalSection
	GlobalSection(SolutionProperties) = preSolution
		HideSolutionNode = FALSE
	EndGlobalSection
	GlobalSection(ExtensibilityGlobals) = postSolution
		SolutionGuid = {ACC3C3A2-936C-41BB-9140-F96538A2651A}
	EndGlobalSection
EndGlobal
