
Microsoft Visual Studio Solution File, Format Version 12.00
# Visual Studio Version 16
VisualStudioVersion = 16.0.29503.13
MinimumVisualStudioVersion = 10.0.40219.1
Project("{9A19103F-16F7-4668-BE54-9A1E7A4F7556}") = "opdracht2", "opdracht2.csproj", "{89E501DC-F6E8-4A85-BB2A-6C320116682D}"
EndProject
Global
	GlobalSection(SolutionConfigurationPlatforms) = preSolution
		Debug|Any CPU = Debug|Any CPU
		Release|Any CPU = Release|Any CPU
	EndGlobalSection
	GlobalSection(ProjectConfigurationPlatforms) = postSolution
		{89E501DC-F6E8-4A85-BB2A-6C320116682D}.Debug|Any CPU.ActiveCfg = Debug|Any CPU
		{89E501DC-F6E8-4A85-BB2A-6C320116682D}.Debug|Any CPU.Build.0 = Debug|Any CPU
		{89E501DC-F6E8-4A85-BB2A-6C320116682D}.Release|Any CPU.ActiveCfg = Release|Any CPU
		{89E501DC-F6E8-4A85-BB2A-6C320116682D}.Release|Any CPU.Build.0 = Release|Any CPU
	EndGlobalSection
	GlobalSection(SolutionProperties) = preSolution
		HideSolutionNode = FALSE
	EndGlobalSection
	GlobalSection(ExtensibilityGlobals) = postSolution
		SolutionGuid = {F9D38FB2-1B99-47FD-A6C8-936FE6F4BCAB}
	EndGlobalSection
EndGlobal
